
Microsoft Visual Studio Solution File, Format Version 12.00
# Visual Studio Version 17
VisualStudioVersion = 17.0.31919.166
MinimumVisualStudioVersion = 10.0.40219.1
Project("{FAE04EC0-301F-11D3-BF4B-00C04F79EFBC}") = "LibreriaCRUZ", "LibreriaCRUZ\LibreriaCRUZ.csproj", "{2DEB1FDB-15B4-4E55-946F-EA102EA858B0}"
EndProject
Global
	GlobalSection(SolutionConfigurationPlatforms) = preSolution
		Debug|Any CPU = Debug|Any CPU
		Release|Any CPU = Release|Any CPU
	EndGlobalSection
	GlobalSection(ProjectConfigurationPlatforms) = postSolution
		{2DEB1FDB-15B4-4E55-946F-EA102EA858B0}.Debug|Any CPU.ActiveCfg = Debug|Any CPU
		{2DEB1FDB-15B4-4E55-946F-EA102EA858B0}.Debug|Any CPU.Build.0 = Debug|Any CPU
		{2DEB1FDB-15B4-4E55-946F-EA102EA858B0}.Release|Any CPU.ActiveCfg = Release|Any CPU
		{2DEB1FDB-15B4-4E55-946F-EA102EA858B0}.Release|Any CPU.Build.0 = Release|Any CPU
	EndGlobalSection
	GlobalSection(SolutionProperties) = preSolution
		HideSolutionNode = FALSE
	EndGlobalSection
	GlobalSection(ExtensibilityGlobals) = postSolution
		SolutionGuid = {8001E7E7-13A9-43AC-8B48-3A52B9BA239D}
	EndGlobalSection
EndGlobal
